
Microsoft Visual Studio Solution File, Format Version 12.00
# Visual Studio Version 16
VisualStudioVersion = 16.0.29215.179
MinimumVisualStudioVersion = 10.0.40219.1
Project("{FAE04EC0-301F-11D3-BF4B-00C04F79EFBC}") = "OperacionesLeo", "OperacionesLeo\OperacionesLeo.csproj", "{3829B24C-F42A-4C62-9514-0C83B6A6B3E1}"
EndProject
Global
	GlobalSection(SolutionConfigurationPlatforms) = preSolution
		Debug|Any CPU = Debug|Any CPU
		Release|Any CPU = Release|Any CPU
	EndGlobalSection
	GlobalSection(ProjectConfigurationPlatforms) = postSolution
		{3829B24C-F42A-4C62-9514-0C83B6A6B3E1}.Debug|Any CPU.ActiveCfg = Debug|Any CPU
		{3829B24C-F42A-4C62-9514-0C83B6A6B3E1}.Debug|Any CPU.Build.0 = Debug|Any CPU
		{3829B24C-F42A-4C62-9514-0C83B6A6B3E1}.Release|Any CPU.ActiveCfg = Release|Any CPU
		{3829B24C-F42A-4C62-9514-0C83B6A6B3E1}.Release|Any CPU.Build.0 = Release|Any CPU
	EndGlobalSection
	GlobalSection(SolutionProperties) = preSolution
		HideSolutionNode = FALSE
	EndGlobalSection
	GlobalSection(ExtensibilityGlobals) = postSolution
		SolutionGuid = {E942AF26-C069-4077-831C-3EB0DE68353E}
	EndGlobalSection
EndGlobal
