
Microsoft Visual Studio Solution File, Format Version 12.00
# Visual Studio Version 16
VisualStudioVersion = 16.0.29215.179
MinimumVisualStudioVersion = 10.0.40219.1
Project("{FAE04EC0-301F-11D3-BF4B-00C04F79EFBC}") = "PromedioNumeros", "PromedioNumeros\PromedioNumeros.csproj", "{D7B882BC-5EE2-4223-BA26-DD077573B9DC}"
EndProject
Global
	GlobalSection(SolutionConfigurationPlatforms) = preSolution
		Debug|Any CPU = Debug|Any CPU
		Release|Any CPU = Release|Any CPU
	EndGlobalSection
	GlobalSection(ProjectConfigurationPlatforms) = postSolution
		{D7B882BC-5EE2-4223-BA26-DD077573B9DC}.Debug|Any CPU.ActiveCfg = Debug|Any CPU
		{D7B882BC-5EE2-4223-BA26-DD077573B9DC}.Debug|Any CPU.Build.0 = Debug|Any CPU
		{D7B882BC-5EE2-4223-BA26-DD077573B9DC}.Release|Any CPU.ActiveCfg = Release|Any CPU
		{D7B882BC-5EE2-4223-BA26-DD077573B9DC}.Release|Any CPU.Build.0 = Release|Any CPU
	EndGlobalSection
	GlobalSection(SolutionProperties) = preSolution
		HideSolutionNode = FALSE
	EndGlobalSection
	GlobalSection(ExtensibilityGlobals) = postSolution
		SolutionGuid = {11D01D9A-1AFC-4E03-A9B9-8FA7BA0B1AC4}
	EndGlobalSection
EndGlobal
