
Microsoft Visual Studio Solution File, Format Version 12.00
# Visual Studio Version 16
VisualStudioVersion = 16.0.29215.179
MinimumVisualStudioVersion = 10.0.40219.1
Project("{FAE04EC0-301F-11D3-BF4B-00C04F79EFBC}") = "Ejemplo 12 de septiembre", "Ejemplo 12 de septiembre\Ejemplo 12 de septiembre.csproj", "{CF34C550-EA3A-4E6D-89C5-7315876038BE}"
EndProject
Global
	GlobalSection(SolutionConfigurationPlatforms) = preSolution
		Debug|Any CPU = Debug|Any CPU
		Release|Any CPU = Release|Any CPU
	EndGlobalSection
	GlobalSection(ProjectConfigurationPlatforms) = postSolution
		{CF34C550-EA3A-4E6D-89C5-7315876038BE}.Debug|Any CPU.ActiveCfg = Debug|Any CPU
		{CF34C550-EA3A-4E6D-89C5-7315876038BE}.Debug|Any CPU.Build.0 = Debug|Any CPU
		{CF34C550-EA3A-4E6D-89C5-7315876038BE}.Release|Any CPU.ActiveCfg = Release|Any CPU
		{CF34C550-EA3A-4E6D-89C5-7315876038BE}.Release|Any CPU.Build.0 = Release|Any CPU
	EndGlobalSection
	GlobalSection(SolutionProperties) = preSolution
		HideSolutionNode = FALSE
	EndGlobalSection
	GlobalSection(ExtensibilityGlobals) = postSolution
		SolutionGuid = {AC3F8B91-8D55-44A9-A68B-FCBB30FF51FD}
	EndGlobalSection
EndGlobal
