
Microsoft Visual Studio Solution File, Format Version 12.00
# Visual Studio Version 16
VisualStudioVersion = 16.0.29215.179
MinimumVisualStudioVersion = 10.0.40219.1
Project("{FAE04EC0-301F-11D3-BF4B-00C04F79EFBC}") = "OrdenarRandom", "OrdenarRandom\OrdenarRandom.csproj", "{3177F276-421F-4D0F-83BE-5F2699FAD159}"
EndProject
Global
	GlobalSection(SolutionConfigurationPlatforms) = preSolution
		Debug|Any CPU = Debug|Any CPU
		Release|Any CPU = Release|Any CPU
	EndGlobalSection
	GlobalSection(ProjectConfigurationPlatforms) = postSolution
		{3177F276-421F-4D0F-83BE-5F2699FAD159}.Debug|Any CPU.ActiveCfg = Debug|Any CPU
		{3177F276-421F-4D0F-83BE-5F2699FAD159}.Debug|Any CPU.Build.0 = Debug|Any CPU
		{3177F276-421F-4D0F-83BE-5F2699FAD159}.Release|Any CPU.ActiveCfg = Release|Any CPU
		{3177F276-421F-4D0F-83BE-5F2699FAD159}.Release|Any CPU.Build.0 = Release|Any CPU
	EndGlobalSection
	GlobalSection(SolutionProperties) = preSolution
		HideSolutionNode = FALSE
	EndGlobalSection
	GlobalSection(ExtensibilityGlobals) = postSolution
		SolutionGuid = {8C67CB02-A488-401C-812D-FFF9A5D3478C}
	EndGlobalSection
EndGlobal
