
Microsoft Visual Studio Solution File, Format Version 12.00
# Visual Studio Version 16
VisualStudioVersion = 16.0.29215.179
MinimumVisualStudioVersion = 10.0.40219.1
Project("{FAE04EC0-301F-11D3-BF4B-00C04F79EFBC}") = "Caja_Examen", "Caja_Examen\Caja_Examen.csproj", "{EB9E6E96-0D5E-497D-9838-9FAD611A8332}"
EndProject
Global
	GlobalSection(SolutionConfigurationPlatforms) = preSolution
		Debug|Any CPU = Debug|Any CPU
		Release|Any CPU = Release|Any CPU
	EndGlobalSection
	GlobalSection(ProjectConfigurationPlatforms) = postSolution
		{EB9E6E96-0D5E-497D-9838-9FAD611A8332}.Debug|Any CPU.ActiveCfg = Debug|Any CPU
		{EB9E6E96-0D5E-497D-9838-9FAD611A8332}.Debug|Any CPU.Build.0 = Debug|Any CPU
		{EB9E6E96-0D5E-497D-9838-9FAD611A8332}.Release|Any CPU.ActiveCfg = Release|Any CPU
		{EB9E6E96-0D5E-497D-9838-9FAD611A8332}.Release|Any CPU.Build.0 = Release|Any CPU
	EndGlobalSection
	GlobalSection(SolutionProperties) = preSolution
		HideSolutionNode = FALSE
	EndGlobalSection
	GlobalSection(ExtensibilityGlobals) = postSolution
		SolutionGuid = {95686D46-6F10-4BC3-85C9-AB6AC73D67B6}
	EndGlobalSection
EndGlobal
