
Microsoft Visual Studio Solution File, Format Version 12.00
# Visual Studio Version 16
VisualStudioVersion = 16.0.29215.179
MinimumVisualStudioVersion = 10.0.40219.1
Project("{FAE04EC0-301F-11D3-BF4B-00C04F79EFBC}") = "Escuela", "Escuela\Escuela.csproj", "{9242298A-619A-4D64-A99C-FA5AAC98C03F}"
EndProject
Global
	GlobalSection(SolutionConfigurationPlatforms) = preSolution
		Debug|Any CPU = Debug|Any CPU
		Release|Any CPU = Release|Any CPU
	EndGlobalSection
	GlobalSection(ProjectConfigurationPlatforms) = postSolution
		{9242298A-619A-4D64-A99C-FA5AAC98C03F}.Debug|Any CPU.ActiveCfg = Debug|Any CPU
		{9242298A-619A-4D64-A99C-FA5AAC98C03F}.Debug|Any CPU.Build.0 = Debug|Any CPU
		{9242298A-619A-4D64-A99C-FA5AAC98C03F}.Release|Any CPU.ActiveCfg = Release|Any CPU
		{9242298A-619A-4D64-A99C-FA5AAC98C03F}.Release|Any CPU.Build.0 = Release|Any CPU
	EndGlobalSection
	GlobalSection(SolutionProperties) = preSolution
		HideSolutionNode = FALSE
	EndGlobalSection
	GlobalSection(ExtensibilityGlobals) = postSolution
		SolutionGuid = {5723E22B-7939-4287-9D92-08921A981B6D}
	EndGlobalSection
EndGlobal
